
Microsoft Visual Studio Solution File, Format Version 12.00
# Visual Studio Version 16
VisualStudioVersion = 16.0.31019.35
MinimumVisualStudioVersion = 10.0.40219.1
Project("{FAE04EC0-301F-11D3-BF4B-00C04F79EFBC}") = "Avtomoyka1", "Avtomoyka1\Avtomoyka1.csproj", "{0416AE25-A3EB-4471-B78C-098C9165EFAA}"
EndProject
Global
	GlobalSection(SolutionConfigurationPlatforms) = preSolution
		Debug|Any CPU = Debug|Any CPU
		Release|Any CPU = Release|Any CPU
	EndGlobalSection
	GlobalSection(ProjectConfigurationPlatforms) = postSolution
		{0416AE25-A3EB-4471-B78C-098C9165EFAA}.Debug|Any CPU.ActiveCfg = Debug|Any CPU
		{0416AE25-A3EB-4471-B78C-098C9165EFAA}.Debug|Any CPU.Build.0 = Debug|Any CPU
		{0416AE25-A3EB-4471-B78C-098C9165EFAA}.Release|Any CPU.ActiveCfg = Release|Any CPU
		{0416AE25-A3EB-4471-B78C-098C9165EFAA}.Release|Any CPU.Build.0 = Release|Any CPU
	EndGlobalSection
	GlobalSection(SolutionProperties) = preSolution
		HideSolutionNode = FALSE
	EndGlobalSection
	GlobalSection(ExtensibilityGlobals) = postSolution
		SolutionGuid = {C21184BE-0F8B-4BEC-B7AE-8073DB885582}
	EndGlobalSection
EndGlobal
